// !$*UTF8*$!
{
	archiveVersion = 1;
	classes = {
	};
	objectVersion = 56;
	objects = {

/* Begin PBXBuildFile section */
		A36B48D82AD1D3AF006247DA /* AppDelegate.swift in Sources */ = {isa = PBXBuildFile; fileRef = A36B48D72AD1D3AF006247DA /* AppDelegate.swift */; };
		A36B48DA2AD1D3AF006247DA /* SceneDelegate.swift in Sources */ = {isa = PBXBuildFile; fileRef = A36B48D92AD1D3AF006247DA /* SceneDelegate.swift */; };
		A36B48E12AD1D3AF006247DA /* Assets.xcassets in Resources */ = {isa = PBXBuildFile; fileRef = A36B48E02AD1D3AF006247DA /* Assets.xcassets */; };
		A36B48E42AD1D3AF006247DA /* LaunchScreen.storyboard in Resources */ = {isa = PBXBuildFile; fileRef = A36B48E22AD1D3AF006247DA /* LaunchScreen.storyboard */; };
		A36B49022AD1D64F006247DA /* SplashViewController.swift in Sources */ = {isa = PBXBuildFile; fileRef = A36B49002AD1D64F006247DA /* SplashViewController.swift */; };
		A36B49032AD1D64F006247DA /* SplashViewController.xib in Resources */ = {isa = PBXBuildFile; fileRef = A36B49012AD1D64F006247DA /* SplashViewController.xib */; };
		A36B49072AD1D6CD006247DA /* SplashViewModel.swift in Sources */ = {isa = PBXBuildFile; fileRef = A36B49062AD1D6CD006247DA /* SplashViewModel.swift */; };
		A36B490A2AD1D8DF006247DA /* HomeTableViewController.swift in Sources */ = {isa = PBXBuildFile; fileRef = A36B49082AD1D8DF006247DA /* HomeTableViewController.swift */; };
		A36B490B2AD1D8DF006247DA /* HomeTableViewController.xib in Resources */ = {isa = PBXBuildFile; fileRef = A36B49092AD1D8DF006247DA /* HomeTableViewController.xib */; };
		A36B490D2AD1D8F4006247DA /* HomeViewModel.swift in Sources */ = {isa = PBXBuildFile; fileRef = A36B490C2AD1D8F4006247DA /* HomeViewModel.swift */; };
		A36B49162AD1DAF5006247DA /* HeroModel.swift in Sources */ = {isa = PBXBuildFile; fileRef = A36B49152AD1DAF5006247DA /* HeroModel.swift */; };
		A36B491A2AD1E1B6006247DA /* DetailViewController.swift in Sources */ = {isa = PBXBuildFile; fileRef = A36B49182AD1E1B6006247DA /* DetailViewController.swift */; };
		A36B491B2AD1E1B6006247DA /* DetailViewController.xib in Resources */ = {isa = PBXBuildFile; fileRef = A36B49192AD1E1B6006247DA /* DetailViewController.xib */; };
		A36B491F2AD1E1CF006247DA /* DetailViewModel.swift in Sources */ = {isa = PBXBuildFile; fileRef = A36B491E2AD1E1CF006247DA /* DetailViewModel.swift */; };
		A36B49242AD1F1EB006247DA /* HomeTableViewCell.swift in Sources */ = {isa = PBXBuildFile; fileRef = A36B49222AD1F1EB006247DA /* HomeTableViewCell.swift */; };
		A36B49252AD1F1EB006247DA /* HomeTableViewCell.xib in Resources */ = {isa = PBXBuildFile; fileRef = A36B49232AD1F1EB006247DA /* HomeTableViewCell.xib */; };
		A36B49282AD1F478006247DA /* ImageView.swift in Sources */ = {isa = PBXBuildFile; fileRef = A36B49272AD1F478006247DA /* ImageView.swift */; };
/* End PBXBuildFile section */

/* Begin PBXFileReference section */
		A36B48D42AD1D3AF006247DA /* ProyectoPatrones.app */ = {isa = PBXFileReference; explicitFileType = wrapper.application; includeInIndex = 0; path = ProyectoPatrones.app; sourceTree = BUILT_PRODUCTS_DIR; };
		A36B48D72AD1D3AF006247DA /* AppDelegate.swift */ = {isa = PBXFileReference; lastKnownFileType = sourcecode.swift; path = AppDelegate.swift; sourceTree = "<group>"; };
		A36B48D92AD1D3AF006247DA /* SceneDelegate.swift */ = {isa = PBXFileReference; lastKnownFileType = sourcecode.swift; path = SceneDelegate.swift; sourceTree = "<group>"; };
		A36B48E02AD1D3AF006247DA /* Assets.xcassets */ = {isa = PBXFileReference; lastKnownFileType = folder.assetcatalog; path = Assets.xcassets; sourceTree = "<group>"; };
		A36B48E32AD1D3AF006247DA /* Base */ = {isa = PBXFileReference; lastKnownFileType = file.storyboard; name = Base; path = Base.lproj/LaunchScreen.storyboard; sourceTree = "<group>"; };
		A36B48E52AD1D3AF006247DA /* Info.plist */ = {isa = PBXFileReference; lastKnownFileType = text.plist.xml; path = Info.plist; sourceTree = "<group>"; };
		A36B49002AD1D64F006247DA /* SplashViewController.swift */ = {isa = PBXFileReference; lastKnownFileType = sourcecode.swift; path = SplashViewController.swift; sourceTree = "<group>"; };
		A36B49012AD1D64F006247DA /* SplashViewController.xib */ = {isa = PBXFileReference; lastKnownFileType = file.xib; path = SplashViewController.xib; sourceTree = "<group>"; };
		A36B49062AD1D6CD006247DA /* SplashViewModel.swift */ = {isa = PBXFileReference; lastKnownFileType = sourcecode.swift; path = SplashViewModel.swift; sourceTree = "<group>"; };
		A36B49082AD1D8DF006247DA /* HomeTableViewController.swift */ = {isa = PBXFileReference; lastKnownFileType = sourcecode.swift; path = HomeTableViewController.swift; sourceTree = "<group>"; };
		A36B49092AD1D8DF006247DA /* HomeTableViewController.xib */ = {isa = PBXFileReference; lastKnownFileType = file.xib; path = HomeTableViewController.xib; sourceTree = "<group>"; };
		A36B490C2AD1D8F4006247DA /* HomeViewModel.swift */ = {isa = PBXFileReference; lastKnownFileType = sourcecode.swift; path = HomeViewModel.swift; sourceTree = "<group>"; };
		A36B49152AD1DAF5006247DA /* HeroModel.swift */ = {isa = PBXFileReference; lastKnownFileType = sourcecode.swift; path = HeroModel.swift; sourceTree = "<group>"; };
		A36B49182AD1E1B6006247DA /* DetailViewController.swift */ = {isa = PBXFileReference; lastKnownFileType = sourcecode.swift; path = DetailViewController.swift; sourceTree = "<group>"; };
		A36B49192AD1E1B6006247DA /* DetailViewController.xib */ = {isa = PBXFileReference; lastKnownFileType = file.xib; path = DetailViewController.xib; sourceTree = "<group>"; };
		A36B491E2AD1E1CF006247DA /* DetailViewModel.swift */ = {isa = PBXFileReference; lastKnownFileType = sourcecode.swift; path = DetailViewModel.swift; sourceTree = "<group>"; };
		A36B49222AD1F1EB006247DA /* HomeTableViewCell.swift */ = {isa = PBXFileReference; lastKnownFileType = sourcecode.swift; name = HomeTableViewCell.swift; path = ../View/HomeTableViewCell.swift; sourceTree = "<group>"; };
		A36B49232AD1F1EB006247DA /* HomeTableViewCell.xib */ = {isa = PBXFileReference; lastKnownFileType = file.xib; path = HomeTableViewCell.xib; sourceTree = "<group>"; };
		A36B49272AD1F478006247DA /* ImageView.swift */ = {isa = PBXFileReference; lastKnownFileType = sourcecode.swift; path = ImageView.swift; sourceTree = "<group>"; };
/* End PBXFileReference section */

/* Begin PBXFrameworksBuildPhase section */
		A36B48D12AD1D3AF006247DA /* Frameworks */ = {
			isa = PBXFrameworksBuildPhase;
			buildActionMask = 2147483647;
			files = (
			);
			runOnlyForDeploymentPostprocessing = 0;
		};
/* End PBXFrameworksBuildPhase section */

/* Begin PBXGroup section */
		A36B48CB2AD1D3AF006247DA = {
			isa = PBXGroup;
			children = (
				A36B48D62AD1D3AF006247DA /* ProyectoPatrones */,
				A36B48D52AD1D3AF006247DA /* Products */,
			);
			sourceTree = "<group>";
		};
		A36B48D52AD1D3AF006247DA /* Products */ = {
			isa = PBXGroup;
			children = (
				A36B48D42AD1D3AF006247DA /* ProyectoPatrones.app */,
			);
			name = Products;
			sourceTree = "<group>";
		};
		A36B48D62AD1D3AF006247DA /* ProyectoPatrones */ = {
			isa = PBXGroup;
			children = (
				A36B48E52AD1D3AF006247DA /* Info.plist */,
				A36B49262AD1F465006247DA /* Extension */,
				A36B48EE2AD1D3FA006247DA /* Domain */,
				A36B48ED2AD1D3EA006247DA /* UI */,
				A36B48EC2AD1D3E2006247DA /* Resources */,
				A36B48EB2AD1D3DE006247DA /* App */,
			);
			path = ProyectoPatrones;
			sourceTree = "<group>";
		};
		A36B48EB2AD1D3DE006247DA /* App */ = {
			isa = PBXGroup;
			children = (
				A36B48D72AD1D3AF006247DA /* AppDelegate.swift */,
				A36B48D92AD1D3AF006247DA /* SceneDelegate.swift */,
			);
			path = App;
			sourceTree = "<group>";
		};
		A36B48EC2AD1D3E2006247DA /* Resources */ = {
			isa = PBXGroup;
			children = (
				A36B48E02AD1D3AF006247DA /* Assets.xcassets */,
			);
			path = Resources;
			sourceTree = "<group>";
		};
		A36B48ED2AD1D3EA006247DA /* UI */ = {
			isa = PBXGroup;
			children = (
				A36B48F12AD1D42A006247DA /* Detail */,
				A36B48F02AD1D424006247DA /* Home */,
				A36B48EF2AD1D41B006247DA /* Splash */,
			);
			path = UI;
			sourceTree = "<group>";
		};
		A36B48EE2AD1D3FA006247DA /* Domain */ = {
			isa = PBXGroup;
			children = (
				A36B48FB2AD1D563006247DA /* Model */,
			);
			path = Domain;
			sourceTree = "<group>";
		};
		A36B48EF2AD1D41B006247DA /* Splash */ = {
			isa = PBXGroup;
			children = (
				A36B48F42AD1D441006247DA /* View */,
				A36B48F32AD1D43C006247DA /* Controller */,
				A36B48F22AD1D435006247DA /* ViewModel */,
			);
			path = Splash;
			sourceTree = "<group>";
		};
		A36B48F02AD1D424006247DA /* Home */ = {
			isa = PBXGroup;
			children = (
				A36B490E2AD1D8FB006247DA /* Cell */,
				A36B48F72AD1D4A8006247DA /* View */,
				A36B48F62AD1D4A0006247DA /* Controller */,
				A36B48F52AD1D49A006247DA /* ViewModel */,
			);
			path = Home;
			sourceTree = "<group>";
		};
		A36B48F12AD1D42A006247DA /* Detail */ = {
			isa = PBXGroup;
			children = (
				A36B48FA2AD1D4C0006247DA /* View */,
				A36B48F92AD1D4B6006247DA /* Controller */,
				A36B48F82AD1D4AD006247DA /* ViewModel */,
			);
			path = Detail;
			sourceTree = "<group>";
		};
		A36B48F22AD1D435006247DA /* ViewModel */ = {
			isa = PBXGroup;
			children = (
				A36B49062AD1D6CD006247DA /* SplashViewModel.swift */,
			);
			path = ViewModel;
			sourceTree = "<group>";
		};
		A36B48F32AD1D43C006247DA /* Controller */ = {
			isa = PBXGroup;
			children = (
				A36B49002AD1D64F006247DA /* SplashViewController.swift */,
			);
			path = Controller;
			sourceTree = "<group>";
		};
		A36B48F42AD1D441006247DA /* View */ = {
			isa = PBXGroup;
			children = (
				A36B48E22AD1D3AF006247DA /* LaunchScreen.storyboard */,
				A36B49012AD1D64F006247DA /* SplashViewController.xib */,
			);
			path = View;
			sourceTree = "<group>";
		};
		A36B48F52AD1D49A006247DA /* ViewModel */ = {
			isa = PBXGroup;
			children = (
				A36B490C2AD1D8F4006247DA /* HomeViewModel.swift */,
			);
			path = ViewModel;
			sourceTree = "<group>";
		};
		A36B48F62AD1D4A0006247DA /* Controller */ = {
			isa = PBXGroup;
			children = (
				A36B49082AD1D8DF006247DA /* HomeTableViewController.swift */,
			);
			path = Controller;
			sourceTree = "<group>";
		};
		A36B48F72AD1D4A8006247DA /* View */ = {
			isa = PBXGroup;
			children = (
				A36B49092AD1D8DF006247DA /* HomeTableViewController.xib */,
			);
			path = View;
			sourceTree = "<group>";
		};
		A36B48F82AD1D4AD006247DA /* ViewModel */ = {
			isa = PBXGroup;
			children = (
				A36B491E2AD1E1CF006247DA /* DetailViewModel.swift */,
			);
			path = ViewModel;
			sourceTree = "<group>";
		};
		A36B48F92AD1D4B6006247DA /* Controller */ = {
			isa = PBXGroup;
			children = (
				A36B49182AD1E1B6006247DA /* DetailViewController.swift */,
			);
			path = Controller;
			sourceTree = "<group>";
		};
		A36B48FA2AD1D4C0006247DA /* View */ = {
			isa = PBXGroup;
			children = (
				A36B49192AD1E1B6006247DA /* DetailViewController.xib */,
			);
			path = View;
			sourceTree = "<group>";
		};
		A36B48FB2AD1D563006247DA /* Model */ = {
			isa = PBXGroup;
			children = (
				A36B49152AD1DAF5006247DA /* HeroModel.swift */,
			);
			path = Model;
			sourceTree = "<group>";
		};
		A36B490E2AD1D8FB006247DA /* Cell */ = {
			isa = PBXGroup;
			children = (
				A36B49102AD1D907006247DA /* View */,
				A36B490F2AD1D901006247DA /* Controller */,
			);
			path = Cell;
			sourceTree = "<group>";
		};
		A36B490F2AD1D901006247DA /* Controller */ = {
			isa = PBXGroup;
			children = (
				A36B49222AD1F1EB006247DA /* HomeTableViewCell.swift */,
			);
			path = Controller;
			sourceTree = "<group>";
		};
		A36B49102AD1D907006247DA /* View */ = {
			isa = PBXGroup;
			children = (
				A36B49232AD1F1EB006247DA /* HomeTableViewCell.xib */,
			);
			path = View;
			sourceTree = "<group>";
		};
		A36B49262AD1F465006247DA /* Extension */ = {
			isa = PBXGroup;
			children = (
				A36B49272AD1F478006247DA /* ImageView.swift */,
			);
			path = Extension;
			sourceTree = "<group>";
		};
/* End PBXGroup section */

/* Begin PBXNativeTarget section */
		A36B48D32AD1D3AF006247DA /* ProyectoPatrones */ = {
			isa = PBXNativeTarget;
			buildConfigurationList = A36B48E82AD1D3AF006247DA /* Build configuration list for PBXNativeTarget "ProyectoPatrones" */;
			buildPhases = (
				A36B48D02AD1D3AF006247DA /* Sources */,
				A36B48D12AD1D3AF006247DA /* Frameworks */,
				A36B48D22AD1D3AF006247DA /* Resources */,
			);
			buildRules = (
			);
			dependencies = (
			);
			name = ProyectoPatrones;
			productName = ProyectoPatrones;
			productReference = A36B48D42AD1D3AF006247DA /* ProyectoPatrones.app */;
			productType = "com.apple.product-type.application";
		};
/* End PBXNativeTarget section */

/* Begin PBXProject section */
		A36B48CC2AD1D3AF006247DA /* Project object */ = {
			isa = PBXProject;
			attributes = {
				BuildIndependentTargetsInParallel = 1;
				LastSwiftUpdateCheck = 1500;
				LastUpgradeCheck = 1500;
				TargetAttributes = {
					A36B48D32AD1D3AF006247DA = {
						CreatedOnToolsVersion = 15.0;
					};
				};
			};
			buildConfigurationList = A36B48CF2AD1D3AF006247DA /* Build configuration list for PBXProject "ProyectoPatrones" */;
			compatibilityVersion = "Xcode 14.0";
			developmentRegion = en;
			hasScannedForEncodings = 0;
			knownRegions = (
				en,
				Base,
			);
			mainGroup = A36B48CB2AD1D3AF006247DA;
			productRefGroup = A36B48D52AD1D3AF006247DA /* Products */;
			projectDirPath = "";
			projectRoot = "";
			targets = (
				A36B48D32AD1D3AF006247DA /* ProyectoPatrones */,
			);
		};
/* End PBXProject section */

/* Begin PBXResourcesBuildPhase section */
		A36B48D22AD1D3AF006247DA /* Resources */ = {
			isa = PBXResourcesBuildPhase;
			buildActionMask = 2147483647;
			files = (
				A36B490B2AD1D8DF006247DA /* HomeTableViewController.xib in Resources */,
				A36B491B2AD1E1B6006247DA /* DetailViewController.xib in Resources */,
				A36B48E42AD1D3AF006247DA /* LaunchScreen.storyboard in Resources */,
				A36B49032AD1D64F006247DA /* SplashViewController.xib in Resources */,
				A36B49252AD1F1EB006247DA /* HomeTableViewCell.xib in Resources */,
				A36B48E12AD1D3AF006247DA /* Assets.xcassets in Resources */,
			);
			runOnlyForDeploymentPostprocessing = 0;
		};
/* End PBXResourcesBuildPhase section */

/* Begin PBXSourcesBuildPhase section */
		A36B48D02AD1D3AF006247DA /* Sources */ = {
			isa = PBXSourcesBuildPhase;
			buildActionMask = 2147483647;
			files = (
				A36B491A2AD1E1B6006247DA /* DetailViewController.swift in Sources */,
				A36B49022AD1D64F006247DA /* SplashViewController.swift in Sources */,
				A36B49162AD1DAF5006247DA /* HeroModel.swift in Sources */,
				A36B491F2AD1E1CF006247DA /* DetailViewModel.swift in Sources */,
				A36B49282AD1F478006247DA /* ImageView.swift in Sources */,
				A36B490D2AD1D8F4006247DA /* HomeViewModel.swift in Sources */,
				A36B48D82AD1D3AF006247DA /* AppDelegate.swift in Sources */,
				A36B49242AD1F1EB006247DA /* HomeTableViewCell.swift in Sources */,
				A36B48DA2AD1D3AF006247DA /* SceneDelegate.swift in Sources */,
				A36B49072AD1D6CD006247DA /* SplashViewModel.swift in Sources */,
				A36B490A2AD1D8DF006247DA /* HomeTableViewController.swift in Sources */,
			);
			runOnlyForDeploymentPostprocessing = 0;
		};
/* End PBXSourcesBuildPhase section */

/* Begin PBXVariantGroup section */
		A36B48E22AD1D3AF006247DA /* LaunchScreen.storyboard */ = {
			isa = PBXVariantGroup;
			children = (
				A36B48E32AD1D3AF006247DA /* Base */,
			);
			name = LaunchScreen.storyboard;
			sourceTree = "<group>";
		};
/* End PBXVariantGroup section */

/* Begin XCBuildConfiguration section */
		A36B48E62AD1D3AF006247DA /* Debug */ = {
			isa = XCBuildConfiguration;
			buildSettings = {
				ALWAYS_SEARCH_USER_PATHS = NO;
				ASSETCATALOG_COMPILER_GENERATE_SWIFT_ASSET_SYMBOL_EXTENSIONS = YES;
				CLANG_ANALYZER_NONNULL = YES;
				CLANG_ANALYZER_NUMBER_OBJECT_CONVERSION = YES_AGGRESSIVE;
				CLANG_CXX_LANGUAGE_STANDARD = "gnu++20";
				CLANG_ENABLE_MODULES = YES;
				CLANG_ENABLE_OBJC_ARC = YES;
				CLANG_ENABLE_OBJC_WEAK = YES;
				CLANG_WARN_BLOCK_CAPTURE_AUTORELEASING = YES;
				CLANG_WARN_BOOL_CONVERSION = YES;
				CLANG_WARN_COMMA = YES;
				CLANG_WARN_CONSTANT_CONVERSION = YES;
				CLANG_WARN_DEPRECATED_OBJC_IMPLEMENTATIONS = YES;
				CLANG_WARN_DIRECT_OBJC_ISA_USAGE = YES_ERROR;
				CLANG_WARN_DOCUMENTATION_COMMENTS = YES;
				CLANG_WARN_EMPTY_BODY = YES;
				CLANG_WARN_ENUM_CONVERSION = YES;
				CLANG_WARN_INFINITE_RECURSION = YES;
				CLANG_WARN_INT_CONVERSION = YES;
				CLANG_WARN_NON_LITERAL_NULL_CONVERSION = YES;
				CLANG_WARN_OBJC_IMPLICIT_RETAIN_SELF = YES;
				CLANG_WARN_OBJC_LITERAL_CONVERSION = YES;
				CLANG_WARN_OBJC_ROOT_CLASS = YES_ERROR;
				CLANG_WARN_QUOTED_INCLUDE_IN_FRAMEWORK_HEADER = YES;
				CLANG_WARN_RANGE_LOOP_ANALYSIS = YES;
				CLANG_WARN_STRICT_PROTOTYPES = YES;
				CLANG_WARN_SUSPICIOUS_MOVE = YES;
				CLANG_WARN_UNGUARDED_AVAILABILITY = YES_AGGRESSIVE;
				CLANG_WARN_UNREACHABLE_CODE = YES;
				CLANG_WARN__DUPLICATE_METHOD_MATCH = YES;
				COPY_PHASE_STRIP = NO;
				DEBUG_INFORMATION_FORMAT = dwarf;
				ENABLE_STRICT_OBJC_MSGSEND = YES;
				ENABLE_TESTABILITY = YES;
				ENABLE_USER_SCRIPT_SANDBOXING = YES;
				GCC_C_LANGUAGE_STANDARD = gnu17;
				GCC_DYNAMIC_NO_PIC = NO;
				GCC_NO_COMMON_BLOCKS = YES;
				GCC_OPTIMIZATION_LEVEL = 0;
				GCC_PREPROCESSOR_DEFINITIONS = (
					"DEBUG=1",
					"$(inherited)",
				);
				GCC_WARN_64_TO_32_BIT_CONVERSION = YES;
				GCC_WARN_ABOUT_RETURN_TYPE = YES_ERROR;
				GCC_WARN_UNDECLARED_SELECTOR = YES;
				GCC_WARN_UNINITIALIZED_AUTOS = YES_AGGRESSIVE;
				GCC_WARN_UNUSED_FUNCTION = YES;
				GCC_WARN_UNUSED_VARIABLE = YES;
				IPHONEOS_DEPLOYMENT_TARGET = 17.0;
				LOCALIZATION_PREFERS_STRING_CATALOGS = YES;
				MTL_ENABLE_DEBUG_INFO = INCLUDE_SOURCE;
				MTL_FAST_MATH = YES;
				ONLY_ACTIVE_ARCH = YES;
				SDKROOT = iphoneos;
				SWIFT_ACTIVE_COMPILATION_CONDITIONS = "DEBUG $(inherited)";
				SWIFT_OPTIMIZATION_LEVEL = "-Onone";
			};
			name = Debug;
		};
		A36B48E72AD1D3AF006247DA /* Release */ = {
			isa = XCBuildConfiguration;
			buildSettings = {
				ALWAYS_SEARCH_USER_PATHS = NO;
				ASSETCATALOG_COMPILER_GENERATE_SWIFT_ASSET_SYMBOL_EXTENSIONS = YES;
				CLANG_ANALYZER_NONNULL = YES;
				CLANG_ANALYZER_NUMBER_OBJECT_CONVERSION = YES_AGGRESSIVE;
				CLANG_CXX_LANGUAGE_STANDARD = "gnu++20";
				CLANG_ENABLE_MODULES = YES;
				CLANG_ENABLE_OBJC_ARC = YES;
				CLANG_ENABLE_OBJC_WEAK = YES;
				CLANG_WARN_BLOCK_CAPTURE_AUTORELEASING = YES;
				CLANG_WARN_BOOL_CONVERSION = YES;
				CLANG_WARN_COMMA = YES;
				CLANG_WARN_CONSTANT_CONVERSION = YES;
				CLANG_WARN_DEPRECATED_OBJC_IMPLEMENTATIONS = YES;
				CLANG_WARN_DIRECT_OBJC_ISA_USAGE = YES_ERROR;
				CLANG_WARN_DOCUMENTATION_COMMENTS = YES;
				CLANG_WARN_EMPTY_BODY = YES;
				CLANG_WARN_ENUM_CONVERSION = YES;
				CLANG_WARN_INFINITE_RECURSION = YES;
				CLANG_WARN_INT_CONVERSION = YES;
				CLANG_WARN_NON_LITERAL_NULL_CONVERSION = YES;
				CLANG_WARN_OBJC_IMPLICIT_RETAIN_SELF = YES;
				CLANG_WARN_OBJC_LITERAL_CONVERSION = YES;
				CLANG_WARN_OBJC_ROOT_CLASS = YES_ERROR;
				CLANG_WARN_QUOTED_INCLUDE_IN_FRAMEWORK_HEADER = YES;
				CLANG_WARN_RANGE_LOOP_ANALYSIS = YES;
				CLANG_WARN_STRICT_PROTOTYPES = YES;
				CLANG_WARN_SUSPICIOUS_MOVE = YES;
				CLANG_WARN_UNGUARDED_AVAILABILITY = YES_AGGRESSIVE;
				CLANG_WARN_UNREACHABLE_CODE = YES;
				CLANG_WARN__DUPLICATE_METHOD_MATCH = YES;
				COPY_PHASE_STRIP = NO;
				DEBUG_INFORMATION_FORMAT = "dwarf-with-dsym";
				ENABLE_NS_ASSERTIONS = NO;
				ENABLE_STRICT_OBJC_MSGSEND = YES;
				ENABLE_USER_SCRIPT_SANDBOXING = YES;
				GCC_C_LANGUAGE_STANDARD = gnu17;
				GCC_NO_COMMON_BLOCKS = YES;
				GCC_WARN_64_TO_32_BIT_CONVERSION = YES;
				GCC_WARN_ABOUT_RETURN_TYPE = YES_ERROR;
				GCC_WARN_UNDECLARED_SELECTOR = YES;
				GCC_WARN_UNINITIALIZED_AUTOS = YES_AGGRESSIVE;
				GCC_WARN_UNUSED_FUNCTION = YES;
				GCC_WARN_UNUSED_VARIABLE = YES;
				IPHONEOS_DEPLOYMENT_TARGET = 17.0;
				LOCALIZATION_PREFERS_STRING_CATALOGS = YES;
				MTL_ENABLE_DEBUG_INFO = NO;
				MTL_FAST_MATH = YES;
				SDKROOT = iphoneos;
				SWIFT_COMPILATION_MODE = wholemodule;
				VALIDATE_PRODUCT = YES;
			};
			name = Release;
		};
		A36B48E92AD1D3AF006247DA /* Debug */ = {
			isa = XCBuildConfiguration;
			buildSettings = {
				ASSETCATALOG_COMPILER_APPICON_NAME = AppIcon;
				ASSETCATALOG_COMPILER_GLOBAL_ACCENT_COLOR_NAME = AccentColor;
				CODE_SIGN_STYLE = Automatic;
				CURRENT_PROJECT_VERSION = 1;
				DEVELOPMENT_TEAM = JZ6GNTPXDT;
				GENERATE_INFOPLIST_FILE = YES;
				INFOPLIST_FILE = ProyectoPatrones/Info.plist;
				INFOPLIST_KEY_UIApplicationSupportsIndirectInputEvents = YES;
				INFOPLIST_KEY_UILaunchStoryboardName = LaunchScreen;
				INFOPLIST_KEY_UISupportedInterfaceOrientations_iPad = "UIInterfaceOrientationPortrait UIInterfaceOrientationPortraitUpsideDown UIInterfaceOrientationLandscapeLeft UIInterfaceOrientationLandscapeRight";
				INFOPLIST_KEY_UISupportedInterfaceOrientations_iPhone = "UIInterfaceOrientationPortrait UIInterfaceOrientationLandscapeLeft UIInterfaceOrientationLandscapeRight";
				LD_RUNPATH_SEARCH_PATHS = (
					"$(inherited)",
					"@executable_path/Frameworks",
				);
				MARKETING_VERSION = 1.0;
				PRODUCT_BUNDLE_IDENTIFIER = com.demo.keepcoding.ProyectoPatrones;
				PRODUCT_NAME = "$(TARGET_NAME)";
				SWIFT_EMIT_LOC_STRINGS = YES;
				SWIFT_VERSION = 5.0;
				TARGETED_DEVICE_FAMILY = "1,2";
			};
			name = Debug;
		};
		A36B48EA2AD1D3AF006247DA /* Release */ = {
			isa = XCBuildConfiguration;
			buildSettings = {
				ASSETCATALOG_COMPILER_APPICON_NAME = AppIcon;
				ASSETCATALOG_COMPILER_GLOBAL_ACCENT_COLOR_NAME = AccentColor;
				CODE_SIGN_STYLE = Automatic;
				CURRENT_PROJECT_VERSION = 1;
				DEVELOPMENT_TEAM = JZ6GNTPXDT;
				GENERATE_INFOPLIST_FILE = YES;
				INFOPLIST_FILE = ProyectoPatrones/Info.plist;
				INFOPLIST_KEY_UIApplicationSupportsIndirectInputEvents = YES;
				INFOPLIST_KEY_UILaunchStoryboardName = LaunchScreen;
				INFOPLIST_KEY_UISupportedInterfaceOrientations_iPad = "UIInterfaceOrientationPortrait UIInterfaceOrientationPortraitUpsideDown UIInterfaceOrientationLandscapeLeft UIInterfaceOrientationLandscapeRight";
				INFOPLIST_KEY_UISupportedInterfaceOrientations_iPhone = "UIInterfaceOrientationPortrait UIInterfaceOrientationLandscapeLeft UIInterfaceOrientationLandscapeRight";
				LD_RUNPATH_SEARCH_PATHS = (
					"$(inherited)",
					"@executable_path/Frameworks",
				);
				MARKETING_VERSION = 1.0;
				PRODUCT_BUNDLE_IDENTIFIER = com.demo.keepcoding.ProyectoPatrones;
				PRODUCT_NAME = "$(TARGET_NAME)";
				SWIFT_EMIT_LOC_STRINGS = YES;
				SWIFT_VERSION = 5.0;
				TARGETED_DEVICE_FAMILY = "1,2";
			};
			name = Release;
		};
/* End XCBuildConfiguration section */

/* Begin XCConfigurationList section */
		A36B48CF2AD1D3AF006247DA /* Build configuration list for PBXProject "ProyectoPatrones" */ = {
			isa = XCConfigurationList;
			buildConfigurations = (
				A36B48E62AD1D3AF006247DA /* Debug */,
				A36B48E72AD1D3AF006247DA /* Release */,
			);
			defaultConfigurationIsVisible = 0;
			defaultConfigurationName = Release;
		};
		A36B48E82AD1D3AF006247DA /* Build configuration list for PBXNativeTarget "ProyectoPatrones" */ = {
			isa = XCConfigurationList;
			buildConfigurations = (
				A36B48E92AD1D3AF006247DA /* Debug */,
				A36B48EA2AD1D3AF006247DA /* Release */,
			);
			defaultConfigurationIsVisible = 0;
			defaultConfigurationName = Release;
		};
/* End XCConfigurationList section */
	};
	rootObject = A36B48CC2AD1D3AF006247DA /* Project object */;
}
